
Microsoft Visual Studio Solution File, Format Version 12.00
# Visual Studio 2013
VisualStudioVersion = 12.0.40629.0
MinimumVisualStudioVersion = 10.0.40219.1
Project("{2150E333-8FDC-42A3-9474-1A3956D46DE8}") = "Documents", "Documents", "{97DF9418-8959-4E58-9F42-A0E775AA3AC4}"
	ProjectSection(SolutionItems) = preProject
		LICENSE = LICENSE
		README.md = README.md
		UsingTheStoredProcedureFramework.md = UsingTheStoredProcedureFramework.md
	EndProjectSection
EndProject
Project("{2150E333-8FDC-42A3-9474-1A3956D46DE8}") = "Tests", "Tests", "{EE415A30-CC70-4FAB-A8A8-F1AB26671FCD}"
EndProject
Project("{2150E333-8FDC-42A3-9474-1A3956D46DE8}") = "Examples", "Examples", "{5A3E93B7-0C02-4C77-B2F3-600F0DC3170E}"
EndProject
Project("{2150E333-8FDC-42A3-9474-1A3956D46DE8}") = "CodeBase", "CodeBase", "{FD91FB97-9DF0-4B0C-AB7B-53C2F369DCA4}"
EndProject
Project("{FAE04EC0-301F-11D3-BF4B-00C04F79EFBC}") = "Dibware.StoredProcedureFramework.Examples", "Examples\Dibware.StoredProcedureFramework.Examples\Dibware.StoredProcedureFramework.Examples.csproj", "{31071B73-76C4-4B66-B02A-509E64E36627}"
EndProject
Project("{00D1A9C2-B5F0-4AF3-8072-F6C62B433612}") = "Dibware.StoredProcedureFramework.Examples.Database", "Examples\Dibware.StoredProcedureFramework.Examples.Database\Dibware.StoredProcedureFramework.Examples.Database.sqlproj", "{7D9C8196-3438-4086-AEFB-F9D7DA14D585}"
EndProject
Project("{FAE04EC0-301F-11D3-BF4B-00C04F79EFBC}") = "Dibware.StoredProcedureFramework.UnitTests", "Tests\Dibware.StoredProcedureFramework.UnitTests\Dibware.StoredProcedureFramework.UnitTests.csproj", "{093482C6-AE91-4DB7-83C0-9C161FFE9E7D}"
EndProject
Project("{FAE04EC0-301F-11D3-BF4B-00C04F79EFBC}") = "Dibware.StoredProcedureFramework.IntegrationTests", "Tests\Dibware.StoredProcedureFramework.IntegrationTests\Dibware.StoredProcedureFramework.IntegrationTests.csproj", "{E793E3B1-013C-410F-89CF-FFD6A8877C46}"
EndProject
Project("{00D1A9C2-B5F0-4AF3-8072-F6C62B433612}") = "Dibware.StoredProcedureFramework.IntegrationTests.Database", "Tests\Dibware.StoredProcedureFramework.IntegrationTests.Database\Dibware.StoredProcedureFramework.IntegrationTests.Database.sqlproj", "{34273AEF-9100-4517-858A-8F665A64AB2B}"
EndProject
Project("{FAE04EC0-301F-11D3-BF4B-00C04F79EFBC}") = "Dibware.StoredProcedureFramework", "CodeBase\Dibware.StoredProcedureFramework\Dibware.StoredProcedureFramework.csproj", "{BAAF11EB-3C8D-4187-9E83-C0ACE9F06451}"
EndProject
Project("{FAE04EC0-301F-11D3-BF4B-00C04F79EFBC}") = "Dibware.StoredProcedureFrameworkForEF", "CodeBase\Dibware.StoredProcedureFrameworkForEF\Dibware.StoredProcedureFrameworkForEF.csproj", "{96A94F73-A554-4B4F-B304-E9464123813D}"
EndProject
Project("{2150E333-8FDC-42A3-9474-1A3956D46DE8}") = "Binaries", "Binaries", "{3011B710-DA21-4288-8A22-B0AE7FE58B5B}"
	ProjectSection(SolutionItems) = preProject
		Binaries\BinariesReadMe.md = Binaries\BinariesReadMe.md
	EndProjectSection
EndProject
Project("{2150E333-8FDC-42A3-9474-1A3956D46DE8}") = "0.3", "0.3", "{842BCB72-A8F9-4944-A4DA-74574D8416B5}"
	ProjectSection(SolutionItems) = preProject
		Binaries\0.3\Dibware.StoredProcedureFramework.dll = Binaries\0.3\Dibware.StoredProcedureFramework.dll
		Binaries\0.3\Dibware.StoredProcedureFramework.pdb = Binaries\0.3\Dibware.StoredProcedureFramework.pdb
		Binaries\0.3\Dibware.StoredProcedureFrameworkForEF.dll = Binaries\0.3\Dibware.StoredProcedureFrameworkForEF.dll
		Binaries\0.3\Dibware.StoredProcedureFrameworkForEF.pdb = Binaries\0.3\Dibware.StoredProcedureFrameworkForEF.pdb
	EndProjectSection
EndProject
Project("{2150E333-8FDC-42A3-9474-1A3956D46DE8}") = "0.4", "0.4", "{FB582654-89F3-43BE-BBA9-955BF7DC44C6}"
	ProjectSection(SolutionItems) = preProject
		Binaries\0.4\Dibware.StoredProcedureFramework.dll = Binaries\0.4\Dibware.StoredProcedureFramework.dll
		Binaries\0.4\Dibware.StoredProcedureFrameworkForEF.dll = Binaries\0.4\Dibware.StoredProcedureFrameworkForEF.dll
	EndProjectSection
EndProject
Project("{2150E333-8FDC-42A3-9474-1A3956D46DE8}") = "0.5", "0.5", "{2850CCAA-6238-40AF-922C-A0D7BF232A78}"
	ProjectSection(SolutionItems) = preProject
		Binaries\0.5\Dibware.Helpers.dll = Binaries\0.5\Dibware.Helpers.dll
		Binaries\0.5\Dibware.StoredProcedureFramework.dll = Binaries\0.5\Dibware.StoredProcedureFramework.dll
		Binaries\0.5\Dibware.StoredProcedureFrameworkForEF.dll = Binaries\0.5\Dibware.StoredProcedureFrameworkForEF.dll
	EndProjectSection
EndProject
Project("{2150E333-8FDC-42A3-9474-1A3956D46DE8}") = "0.6", "0.6", "{A75DCE15-C08A-4A1C-A440-B504F1A23E3E}"
	ProjectSection(SolutionItems) = preProject
		Binaries\0.6\Dibware.Helpers.dll = Binaries\0.6\Dibware.Helpers.dll
		Binaries\0.6\Dibware.StoredProcedureFramework.dll = Binaries\0.6\Dibware.StoredProcedureFramework.dll
		Binaries\0.6\Dibware.StoredProcedureFrameworkForEF.dll = Binaries\0.6\Dibware.StoredProcedureFrameworkForEF.dll
	EndProjectSection
EndProject
Project("{2150E333-8FDC-42A3-9474-1A3956D46DE8}") = "0.7", "0.7", "{8E004344-B05A-4CF2-A8F5-74CC2E98EDB7}"
	ProjectSection(SolutionItems) = preProject
		Binaries\0.7\Dibware.Helpers.dll = Binaries\0.7\Dibware.Helpers.dll
		Binaries\0.7\Dibware.StoredProcedureFramework.dll = Binaries\0.7\Dibware.StoredProcedureFramework.dll
	EndProjectSection
EndProject
Project("{2150E333-8FDC-42A3-9474-1A3956D46DE8}") = "0.8", "0.8", "{23B55E32-0F20-4BC5-987E-CBD8D09F86B6}"
	ProjectSection(SolutionItems) = preProject
		Binaries\0.8\Dibware.Helpers.dll = Binaries\0.8\Dibware.Helpers.dll
		Binaries\0.8\Dibware.StoredProcedureFramework.dll = Binaries\0.8\Dibware.StoredProcedureFramework.dll
		Binaries\0.8\Dibware.StoredProcedureFrameworkForEF.dll = Binaries\0.8\Dibware.StoredProcedureFrameworkForEF.dll
	EndProjectSection
EndProject
Project("{2150E333-8FDC-42A3-9474-1A3956D46DE8}") = "0.9", "0.9", "{96A78445-6422-404A-8050-DA152E1FDDC1}"
	ProjectSection(SolutionItems) = preProject
		Binaries\0.9\Dibware.Helpers.dll = Binaries\0.9\Dibware.Helpers.dll
		Binaries\0.9\Dibware.StoredProcedureFramework.dll = Binaries\0.9\Dibware.StoredProcedureFramework.dll
		Binaries\0.9\Dibware.StoredProcedureFrameworkForEF.dll = Binaries\0.9\Dibware.StoredProcedureFrameworkForEF.dll
	EndProjectSection
EndProject
Global
	GlobalSection(SolutionConfigurationPlatforms) = preSolution
		Debug|Any CPU = Debug|Any CPU
		Release|Any CPU = Release|Any CPU
	EndGlobalSection
	GlobalSection(ProjectConfigurationPlatforms) = postSolution
		{31071B73-76C4-4B66-B02A-509E64E36627}.Debug|Any CPU.ActiveCfg = Debug|Any CPU
		{31071B73-76C4-4B66-B02A-509E64E36627}.Debug|Any CPU.Build.0 = Debug|Any CPU
		{31071B73-76C4-4B66-B02A-509E64E36627}.Release|Any CPU.ActiveCfg = Release|Any CPU
		{31071B73-76C4-4B66-B02A-509E64E36627}.Release|Any CPU.Build.0 = Release|Any CPU
		{7D9C8196-3438-4086-AEFB-F9D7DA14D585}.Debug|Any CPU.ActiveCfg = Debug|Any CPU
		{7D9C8196-3438-4086-AEFB-F9D7DA14D585}.Debug|Any CPU.Build.0 = Debug|Any CPU
		{7D9C8196-3438-4086-AEFB-F9D7DA14D585}.Debug|Any CPU.Deploy.0 = Debug|Any CPU
		{7D9C8196-3438-4086-AEFB-F9D7DA14D585}.Release|Any CPU.ActiveCfg = Release|Any CPU
		{7D9C8196-3438-4086-AEFB-F9D7DA14D585}.Release|Any CPU.Build.0 = Release|Any CPU
		{7D9C8196-3438-4086-AEFB-F9D7DA14D585}.Release|Any CPU.Deploy.0 = Release|Any CPU
		{093482C6-AE91-4DB7-83C0-9C161FFE9E7D}.Debug|Any CPU.ActiveCfg = Debug|Any CPU
		{093482C6-AE91-4DB7-83C0-9C161FFE9E7D}.Debug|Any CPU.Build.0 = Debug|Any CPU
		{093482C6-AE91-4DB7-83C0-9C161FFE9E7D}.Release|Any CPU.ActiveCfg = Release|Any CPU
		{093482C6-AE91-4DB7-83C0-9C161FFE9E7D}.Release|Any CPU.Build.0 = Release|Any CPU
		{E793E3B1-013C-410F-89CF-FFD6A8877C46}.Debug|Any CPU.ActiveCfg = Debug|Any CPU
		{E793E3B1-013C-410F-89CF-FFD6A8877C46}.Debug|Any CPU.Build.0 = Debug|Any CPU
		{E793E3B1-013C-410F-89CF-FFD6A8877C46}.Release|Any CPU.ActiveCfg = Release|Any CPU
		{E793E3B1-013C-410F-89CF-FFD6A8877C46}.Release|Any CPU.Build.0 = Release|Any CPU
		{34273AEF-9100-4517-858A-8F665A64AB2B}.Debug|Any CPU.ActiveCfg = Debug|Any CPU
		{34273AEF-9100-4517-858A-8F665A64AB2B}.Debug|Any CPU.Build.0 = Debug|Any CPU
		{34273AEF-9100-4517-858A-8F665A64AB2B}.Debug|Any CPU.Deploy.0 = Debug|Any CPU
		{34273AEF-9100-4517-858A-8F665A64AB2B}.Release|Any CPU.ActiveCfg = Release|Any CPU
		{34273AEF-9100-4517-858A-8F665A64AB2B}.Release|Any CPU.Build.0 = Release|Any CPU
		{34273AEF-9100-4517-858A-8F665A64AB2B}.Release|Any CPU.Deploy.0 = Release|Any CPU
		{BAAF11EB-3C8D-4187-9E83-C0ACE9F06451}.Debug|Any CPU.ActiveCfg = Debug|Any CPU
		{BAAF11EB-3C8D-4187-9E83-C0ACE9F06451}.Debug|Any CPU.Build.0 = Debug|Any CPU
		{BAAF11EB-3C8D-4187-9E83-C0ACE9F06451}.Release|Any CPU.ActiveCfg = Release|Any CPU
		{BAAF11EB-3C8D-4187-9E83-C0ACE9F06451}.Release|Any CPU.Build.0 = Release|Any CPU
		{96A94F73-A554-4B4F-B304-E9464123813D}.Debug|Any CPU.ActiveCfg = Debug|Any CPU
		{96A94F73-A554-4B4F-B304-E9464123813D}.Debug|Any CPU.Build.0 = Debug|Any CPU
		{96A94F73-A554-4B4F-B304-E9464123813D}.Release|Any CPU.ActiveCfg = Release|Any CPU
		{96A94F73-A554-4B4F-B304-E9464123813D}.Release|Any CPU.Build.0 = Release|Any CPU
	EndGlobalSection
	GlobalSection(SolutionProperties) = preSolution
		HideSolutionNode = FALSE
	EndGlobalSection
	GlobalSection(NestedProjects) = preSolution
		{31071B73-76C4-4B66-B02A-509E64E36627} = {5A3E93B7-0C02-4C77-B2F3-600F0DC3170E}
		{7D9C8196-3438-4086-AEFB-F9D7DA14D585} = {5A3E93B7-0C02-4C77-B2F3-600F0DC3170E}
		{093482C6-AE91-4DB7-83C0-9C161FFE9E7D} = {EE415A30-CC70-4FAB-A8A8-F1AB26671FCD}
		{E793E3B1-013C-410F-89CF-FFD6A8877C46} = {EE415A30-CC70-4FAB-A8A8-F1AB26671FCD}
		{34273AEF-9100-4517-858A-8F665A64AB2B} = {EE415A30-CC70-4FAB-A8A8-F1AB26671FCD}
		{BAAF11EB-3C8D-4187-9E83-C0ACE9F06451} = {FD91FB97-9DF0-4B0C-AB7B-53C2F369DCA4}
		{96A94F73-A554-4B4F-B304-E9464123813D} = {FD91FB97-9DF0-4B0C-AB7B-53C2F369DCA4}
		{842BCB72-A8F9-4944-A4DA-74574D8416B5} = {3011B710-DA21-4288-8A22-B0AE7FE58B5B}
		{FB582654-89F3-43BE-BBA9-955BF7DC44C6} = {3011B710-DA21-4288-8A22-B0AE7FE58B5B}
		{2850CCAA-6238-40AF-922C-A0D7BF232A78} = {3011B710-DA21-4288-8A22-B0AE7FE58B5B}
		{A75DCE15-C08A-4A1C-A440-B504F1A23E3E} = {3011B710-DA21-4288-8A22-B0AE7FE58B5B}
		{8E004344-B05A-4CF2-A8F5-74CC2E98EDB7} = {3011B710-DA21-4288-8A22-B0AE7FE58B5B}
		{23B55E32-0F20-4BC5-987E-CBD8D09F86B6} = {3011B710-DA21-4288-8A22-B0AE7FE58B5B}
		{96A78445-6422-404A-8050-DA152E1FDDC1} = {3011B710-DA21-4288-8A22-B0AE7FE58B5B}
	EndGlobalSection
EndGlobal
